
Microsoft Visual Studio Solution File, Format Version 12.00
# Visual Studio Version 16
VisualStudioVersion = 16.0.32802.440
MinimumVisualStudioVersion = 10.0.40219.1
Project("{FAE04EC0-301F-11D3-BF4B-00C04F79EFBC}") = "bibliochat", "bibliochat\bibliochat.csproj", "{558A0444-D542-4D0E-8E81-DF161F8F4DC8}"
EndProject
Global
	GlobalSection(SolutionConfigurationPlatforms) = preSolution
		Debug|Any CPU = Debug|Any CPU
		Release|Any CPU = Release|Any CPU
	EndGlobalSection
	GlobalSection(ProjectConfigurationPlatforms) = postSolution
		{558A0444-D542-4D0E-8E81-DF161F8F4DC8}.Debug|Any CPU.ActiveCfg = Debug|Any CPU
		{558A0444-D542-4D0E-8E81-DF161F8F4DC8}.Debug|Any CPU.Build.0 = Debug|Any CPU
		{558A0444-D542-4D0E-8E81-DF161F8F4DC8}.Release|Any CPU.ActiveCfg = Release|Any CPU
		{558A0444-D542-4D0E-8E81-DF161F8F4DC8}.Release|Any CPU.Build.0 = Release|Any CPU
	EndGlobalSection
	GlobalSection(SolutionProperties) = preSolution
		HideSolutionNode = FALSE
	EndGlobalSection
	GlobalSection(ExtensibilityGlobals) = postSolution
		SolutionGuid = {70199D42-006A-4910-9E40-299363214E20}
	EndGlobalSection
EndGlobal
